
Microsoft Visual Studio Solution File, Format Version 12.00
# Visual Studio Version 16
VisualStudioVersion = 16.0.29728.190
MinimumVisualStudioVersion = 10.0.40219.1
Project("{FAE04EC0-301F-11D3-BF4B-00C04F79EFBC}") = "testtask1", "testtask1.csproj", "{1A2A2D99-89DA-4A95-9DEB-077FC5EBB769}"
EndProject
Global
	GlobalSection(SolutionConfigurationPlatforms) = preSolution
		Debug|Any CPU = Debug|Any CPU
		Release|Any CPU = Release|Any CPU
	EndGlobalSection
	GlobalSection(ProjectConfigurationPlatforms) = postSolution
		{1A2A2D99-89DA-4A95-9DEB-077FC5EBB769}.Debug|Any CPU.ActiveCfg = Debug|Any CPU
		{1A2A2D99-89DA-4A95-9DEB-077FC5EBB769}.Debug|Any CPU.Build.0 = Debug|Any CPU
		{1A2A2D99-89DA-4A95-9DEB-077FC5EBB769}.Release|Any CPU.ActiveCfg = Release|Any CPU
		{1A2A2D99-89DA-4A95-9DEB-077FC5EBB769}.Release|Any CPU.Build.0 = Release|Any CPU
	EndGlobalSection
	GlobalSection(SolutionProperties) = preSolution
		HideSolutionNode = FALSE
	EndGlobalSection
	GlobalSection(ExtensibilityGlobals) = postSolution
		SolutionGuid = {5F1B1F94-2E48-412F-AED6-F1FBB7C01DBE}
	EndGlobalSection
EndGlobal
